
Microsoft Visual Studio Solution File, Format Version 12.00
# Visual Studio Version 17
VisualStudioVersion = 17.11.35219.272
MinimumVisualStudioVersion = 10.0.40219.1
Project("{FAE04EC0-301F-11D3-BF4B-00C04F79EFBC}") = "Aspose", "Aspose\Aspose.csproj", "{15B40A7C-6580-41B8-A65A-76F15AFE3797}"
EndProject
Global
	GlobalSection(SolutionConfigurationPlatforms) = preSolution
		Debug|Any CPU = Debug|Any CPU
		Release|Any CPU = Release|Any CPU
	EndGlobalSection
	GlobalSection(ProjectConfigurationPlatforms) = postSolution
		{15B40A7C-6580-41B8-A65A-76F15AFE3797}.Debug|Any CPU.ActiveCfg = Debug|Any CPU
		{15B40A7C-6580-41B8-A65A-76F15AFE3797}.Debug|Any CPU.Build.0 = Debug|Any CPU
		{15B40A7C-6580-41B8-A65A-76F15AFE3797}.Release|Any CPU.ActiveCfg = Release|Any CPU
		{15B40A7C-6580-41B8-A65A-76F15AFE3797}.Release|Any CPU.Build.0 = Release|Any CPU
	EndGlobalSection
	GlobalSection(SolutionProperties) = preSolution
		HideSolutionNode = FALSE
	EndGlobalSection
	GlobalSection(ExtensibilityGlobals) = postSolution
		SolutionGuid = {F8D65467-4AA2-4E47-BDF2-F88295C1CD43}
	EndGlobalSection
EndGlobal
